// !$*UTF8*$!
{
	archiveVersion = 1;
	classes = {
	};
	objectVersion = 56;
	objects = {

/* Begin PBXBuildFile section */
		185D67B929BC615000878AF8 /* addTodoSheet.swift in Sources */ = {isa = PBXBuildFile; fileRef = 185D67B829BC615000878AF8 /* addTodoSheet.swift */; };
		18D1512729B9FE0800BB9862 /* TodoApp.swift in Sources */ = {isa = PBXBuildFile; fileRef = 18D1512629B9FE0800BB9862 /* TodoApp.swift */; };
		18D1512929B9FE0800BB9862 /* Home.swift in Sources */ = {isa = PBXBuildFile; fileRef = 18D1512829B9FE0800BB9862 /* Home.swift */; };
		18D1512B29B9FE0900BB9862 /* Assets.xcassets in Resources */ = {isa = PBXBuildFile; fileRef = 18D1512A29B9FE0900BB9862 /* Assets.xcassets */; };
		18D1512E29B9FE0900BB9862 /* Preview Assets.xcassets in Resources */ = {isa = PBXBuildFile; fileRef = 18D1512D29B9FE0900BB9862 /* Preview Assets.xcassets */; };
		18D1513829B9FE0900BB9862 /* TodoTests.swift in Sources */ = {isa = PBXBuildFile; fileRef = 18D1513729B9FE0900BB9862 /* TodoTests.swift */; };
		18D1514229B9FE0900BB9862 /* TodoUITests.swift in Sources */ = {isa = PBXBuildFile; fileRef = 18D1514129B9FE0900BB9862 /* TodoUITests.swift */; };
		18D1514429B9FE0900BB9862 /* TodoUITestsLaunchTests.swift in Sources */ = {isa = PBXBuildFile; fileRef = 18D1514329B9FE0900BB9862 /* TodoUITestsLaunchTests.swift */; };
		18D1515329B9FEB200BB9862 /* Header.swift in Sources */ = {isa = PBXBuildFile; fileRef = 18D1515229B9FEB200BB9862 /* Header.swift */; };
		18D1515529BA009F00BB9862 /* Todo.swift in Sources */ = {isa = PBXBuildFile; fileRef = 18D1515429BA009F00BB9862 /* Todo.swift */; };
		18D1515729BA01E200BB9862 /* ListRow.swift in Sources */ = {isa = PBXBuildFile; fileRef = 18D1515629BA01E200BB9862 /* ListRow.swift */; };
		18D1515A29BA515600BB9862 /* Todos.swift in Sources */ = {isa = PBXBuildFile; fileRef = 18D1515929BA515600BB9862 /* Todos.swift */; };
		18D1515C29BACB6700BB9862 /* TodoList.swift in Sources */ = {isa = PBXBuildFile; fileRef = 18D1515B29BACB6700BB9862 /* TodoList.swift */; };
/* End PBXBuildFile section */

/* Begin PBXContainerItemProxy section */
		18D1513429B9FE0900BB9862 /* PBXContainerItemProxy */ = {
			isa = PBXContainerItemProxy;
			containerPortal = 18D1511B29B9FE0800BB9862 /* Project object */;
			proxyType = 1;
			remoteGlobalIDString = 18D1512229B9FE0800BB9862;
			remoteInfo = Todo;
		};
		18D1513E29B9FE0900BB9862 /* PBXContainerItemProxy */ = {
			isa = PBXContainerItemProxy;
			containerPortal = 18D1511B29B9FE0800BB9862 /* Project object */;
			proxyType = 1;
			remoteGlobalIDString = 18D1512229B9FE0800BB9862;
			remoteInfo = Todo;
		};
/* End PBXContainerItemProxy section */

/* Begin PBXFileReference section */
		185D67B829BC615000878AF8 /* addTodoSheet.swift */ = {isa = PBXFileReference; lastKnownFileType = sourcecode.swift; path = addTodoSheet.swift; sourceTree = "<group>"; };
		18D1512329B9FE0800BB9862 /* Todo.app */ = {isa = PBXFileReference; explicitFileType = wrapper.application; includeInIndex = 0; path = Todo.app; sourceTree = BUILT_PRODUCTS_DIR; };
		18D1512629B9FE0800BB9862 /* TodoApp.swift */ = {isa = PBXFileReference; lastKnownFileType = sourcecode.swift; path = TodoApp.swift; sourceTree = "<group>"; };
		18D1512829B9FE0800BB9862 /* Home.swift */ = {isa = PBXFileReference; lastKnownFileType = sourcecode.swift; path = Home.swift; sourceTree = "<group>"; };
		18D1512A29B9FE0900BB9862 /* Assets.xcassets */ = {isa = PBXFileReference; lastKnownFileType = folder.assetcatalog; path = Assets.xcassets; sourceTree = "<group>"; };
		18D1512D29B9FE0900BB9862 /* Preview Assets.xcassets */ = {isa = PBXFileReference; lastKnownFileType = folder.assetcatalog; path = "Preview Assets.xcassets"; sourceTree = "<group>"; };
		18D1513329B9FE0900BB9862 /* TodoTests.xctest */ = {isa = PBXFileReference; explicitFileType = wrapper.cfbundle; includeInIndex = 0; path = TodoTests.xctest; sourceTree = BUILT_PRODUCTS_DIR; };
		18D1513729B9FE0900BB9862 /* TodoTests.swift */ = {isa = PBXFileReference; lastKnownFileType = sourcecode.swift; path = TodoTests.swift; sourceTree = "<group>"; };
		18D1513D29B9FE0900BB9862 /* TodoUITests.xctest */ = {isa = PBXFileReference; explicitFileType = wrapper.cfbundle; includeInIndex = 0; path = TodoUITests.xctest; sourceTree = BUILT_PRODUCTS_DIR; };
		18D1514129B9FE0900BB9862 /* TodoUITests.swift */ = {isa = PBXFileReference; lastKnownFileType = sourcecode.swift; path = TodoUITests.swift; sourceTree = "<group>"; };
		18D1514329B9FE0900BB9862 /* TodoUITestsLaunchTests.swift */ = {isa = PBXFileReference; lastKnownFileType = sourcecode.swift; path = TodoUITestsLaunchTests.swift; sourceTree = "<group>"; };
		18D1515229B9FEB200BB9862 /* Header.swift */ = {isa = PBXFileReference; lastKnownFileType = sourcecode.swift; path = Header.swift; sourceTree = "<group>"; };
		18D1515429BA009F00BB9862 /* Todo.swift */ = {isa = PBXFileReference; lastKnownFileType = sourcecode.swift; path = Todo.swift; sourceTree = "<group>"; };
		18D1515629BA01E200BB9862 /* ListRow.swift */ = {isa = PBXFileReference; lastKnownFileType = sourcecode.swift; path = ListRow.swift; sourceTree = "<group>"; };
		18D1515929BA515600BB9862 /* Todos.swift */ = {isa = PBXFileReference; lastKnownFileType = sourcecode.swift; path = Todos.swift; sourceTree = "<group>"; };
		18D1515B29BACB6700BB9862 /* TodoList.swift */ = {isa = PBXFileReference; lastKnownFileType = sourcecode.swift; path = TodoList.swift; sourceTree = "<group>"; };
/* End PBXFileReference section */

/* Begin PBXFrameworksBuildPhase section */
		18D1512029B9FE0800BB9862 /* Frameworks */ = {
			isa = PBXFrameworksBuildPhase;
			buildActionMask = 2147483647;
			files = (
			);
			runOnlyForDeploymentPostprocessing = 0;
		};
		18D1513029B9FE0900BB9862 /* Frameworks */ = {
			isa = PBXFrameworksBuildPhase;
			buildActionMask = 2147483647;
			files = (
			);
			runOnlyForDeploymentPostprocessing = 0;
		};
		18D1513A29B9FE0900BB9862 /* Frameworks */ = {
			isa = PBXFrameworksBuildPhase;
			buildActionMask = 2147483647;
			files = (
			);
			runOnlyForDeploymentPostprocessing = 0;
		};
/* End PBXFrameworksBuildPhase section */

/* Begin PBXGroup section */
		18D1511A29B9FE0800BB9862 = {
			isa = PBXGroup;
			children = (
				18D1512529B9FE0800BB9862 /* Todo */,
				18D1513629B9FE0900BB9862 /* TodoTests */,
				18D1514029B9FE0900BB9862 /* TodoUITests */,
				18D1512429B9FE0800BB9862 /* Products */,
			);
			sourceTree = "<group>";
		};
		18D1512429B9FE0800BB9862 /* Products */ = {
			isa = PBXGroup;
			children = (
				18D1512329B9FE0800BB9862 /* Todo.app */,
				18D1513329B9FE0900BB9862 /* TodoTests.xctest */,
				18D1513D29B9FE0900BB9862 /* TodoUITests.xctest */,
			);
			name = Products;
			sourceTree = "<group>";
		};
		18D1512529B9FE0800BB9862 /* Todo */ = {
			isa = PBXGroup;
			children = (
				18D1512629B9FE0800BB9862 /* TodoApp.swift */,
				18D1515829BA511800BB9862 /* ViewModels */,
				18D1515129B9FE8900BB9862 /* Views */,
				18D1515029B9FE0F00BB9862 /* Models */,
				18D1512A29B9FE0900BB9862 /* Assets.xcassets */,
				18D1512C29B9FE0900BB9862 /* Preview Content */,
			);
			path = Todo;
			sourceTree = "<group>";
		};
		18D1512C29B9FE0900BB9862 /* Preview Content */ = {
			isa = PBXGroup;
			children = (
				18D1512D29B9FE0900BB9862 /* Preview Assets.xcassets */,
			);
			path = "Preview Content";
			sourceTree = "<group>";
		};
		18D1513629B9FE0900BB9862 /* TodoTests */ = {
			isa = PBXGroup;
			children = (
				18D1513729B9FE0900BB9862 /* TodoTests.swift */,
			);
			path = TodoTests;
			sourceTree = "<group>";
		};
		18D1514029B9FE0900BB9862 /* TodoUITests */ = {
			isa = PBXGroup;
			children = (
				18D1514129B9FE0900BB9862 /* TodoUITests.swift */,
				18D1514329B9FE0900BB9862 /* TodoUITestsLaunchTests.swift */,
			);
			path = TodoUITests;
			sourceTree = "<group>";
		};
		18D1515029B9FE0F00BB9862 /* Models */ = {
			isa = PBXGroup;
			children = (
				18D1515429BA009F00BB9862 /* Todo.swift */,
			);
			path = Models;
			sourceTree = "<group>";
		};
		18D1515129B9FE8900BB9862 /* Views */ = {
			isa = PBXGroup;
			children = (
				18D1512829B9FE0800BB9862 /* Home.swift */,
				18D1515229B9FEB200BB9862 /* Header.swift */,
				18D1515629BA01E200BB9862 /* ListRow.swift */,
				18D1515B29BACB6700BB9862 /* TodoList.swift */,
				185D67B829BC615000878AF8 /* addTodoSheet.swift */,
			);
			path = Views;
			sourceTree = "<group>";
		};
		18D1515829BA511800BB9862 /* ViewModels */ = {
			isa = PBXGroup;
			children = (
				18D1515929BA515600BB9862 /* Todos.swift */,
			);
			path = ViewModels;
			sourceTree = "<group>";
		};
/* End PBXGroup section */

/* Begin PBXNativeTarget section */
		18D1512229B9FE0800BB9862 /* Todo */ = {
			isa = PBXNativeTarget;
			buildConfigurationList = 18D1514729B9FE0900BB9862 /* Build configuration list for PBXNativeTarget "Todo" */;
			buildPhases = (
				18D1511F29B9FE0800BB9862 /* Sources */,
				18D1512029B9FE0800BB9862 /* Frameworks */,
				18D1512129B9FE0800BB9862 /* Resources */,
			);
			buildRules = (
			);
			dependencies = (
			);
			name = Todo;
			productName = Todo;
			productReference = 18D1512329B9FE0800BB9862 /* Todo.app */;
			productType = "com.apple.product-type.application";
		};
		18D1513229B9FE0900BB9862 /* TodoTests */ = {
			isa = PBXNativeTarget;
			buildConfigurationList = 18D1514A29B9FE0900BB9862 /* Build configuration list for PBXNativeTarget "TodoTests" */;
			buildPhases = (
				18D1512F29B9FE0900BB9862 /* Sources */,
				18D1513029B9FE0900BB9862 /* Frameworks */,
				18D1513129B9FE0900BB9862 /* Resources */,
			);
			buildRules = (
			);
			dependencies = (
				18D1513529B9FE0900BB9862 /* PBXTargetDependency */,
			);
			name = TodoTests;
			productName = TodoTests;
			productReference = 18D1513329B9FE0900BB9862 /* TodoTests.xctest */;
			productType = "com.apple.product-type.bundle.unit-test";
		};
		18D1513C29B9FE0900BB9862 /* TodoUITests */ = {
			isa = PBXNativeTarget;
			buildConfigurationList = 18D1514D29B9FE0900BB9862 /* Build configuration list for PBXNativeTarget "TodoUITests" */;
			buildPhases = (
				18D1513929B9FE0900BB9862 /* Sources */,
				18D1513A29B9FE0900BB9862 /* Frameworks */,
				18D1513B29B9FE0900BB9862 /* Resources */,
			);
			buildRules = (
			);
			dependencies = (
				18D1513F29B9FE0900BB9862 /* PBXTargetDependency */,
			);
			name = TodoUITests;
			productName = TodoUITests;
			productReference = 18D1513D29B9FE0900BB9862 /* TodoUITests.xctest */;
			productType = "com.apple.product-type.bundle.ui-testing";
		};
/* End PBXNativeTarget section */

/* Begin PBXProject section */
		18D1511B29B9FE0800BB9862 /* Project object */ = {
			isa = PBXProject;
			attributes = {
				BuildIndependentTargetsInParallel = 1;
				LastSwiftUpdateCheck = 1420;
				LastUpgradeCheck = 1420;
				TargetAttributes = {
					18D1512229B9FE0800BB9862 = {
						CreatedOnToolsVersion = 14.2;
					};
					18D1513229B9FE0900BB9862 = {
						CreatedOnToolsVersion = 14.2;
						TestTargetID = 18D1512229B9FE0800BB9862;
					};
					18D1513C29B9FE0900BB9862 = {
						CreatedOnToolsVersion = 14.2;
						TestTargetID = 18D1512229B9FE0800BB9862;
					};
				};
			};
			buildConfigurationList = 18D1511E29B9FE0800BB9862 /* Build configuration list for PBXProject "Todo" */;
			compatibilityVersion = "Xcode 14.0";
			developmentRegion = en;
			hasScannedForEncodings = 0;
			knownRegions = (
				en,
				Base,
			);
			mainGroup = 18D1511A29B9FE0800BB9862;
			productRefGroup = 18D1512429B9FE0800BB9862 /* Products */;
			projectDirPath = "";
			projectRoot = "";
			targets = (
				18D1512229B9FE0800BB9862 /* Todo */,
				18D1513229B9FE0900BB9862 /* TodoTests */,
				18D1513C29B9FE0900BB9862 /* TodoUITests */,
			);
		};
/* End PBXProject section */

/* Begin PBXResourcesBuildPhase section */
		18D1512129B9FE0800BB9862 /* Resources */ = {
			isa = PBXResourcesBuildPhase;
			buildActionMask = 2147483647;
			files = (
				18D1512E29B9FE0900BB9862 /* Preview Assets.xcassets in Resources */,
				18D1512B29B9FE0900BB9862 /* Assets.xcassets in Resources */,
			);
			runOnlyForDeploymentPostprocessing = 0;
		};
		18D1513129B9FE0900BB9862 /* Resources */ = {
			isa = PBXResourcesBuildPhase;
			buildActionMask = 2147483647;
			files = (
			);
			runOnlyForDeploymentPostprocessing = 0;
		};
		18D1513B29B9FE0900BB9862 /* Resources */ = {
			isa = PBXResourcesBuildPhase;
			buildActionMask = 2147483647;
			files = (
			);
			runOnlyForDeploymentPostprocessing = 0;
		};
/* End PBXResourcesBuildPhase section */

/* Begin PBXSourcesBuildPhase section */
		18D1511F29B9FE0800BB9862 /* Sources */ = {
			isa = PBXSourcesBuildPhase;
			buildActionMask = 2147483647;
			files = (
				18D1512929B9FE0800BB9862 /* Home.swift in Sources */,
				18D1515C29BACB6700BB9862 /* TodoList.swift in Sources */,
				18D1515329B9FEB200BB9862 /* Header.swift in Sources */,
				18D1512729B9FE0800BB9862 /* TodoApp.swift in Sources */,
				18D1515529BA009F00BB9862 /* Todo.swift in Sources */,
				185D67B929BC615000878AF8 /* addTodoSheet.swift in Sources */,
				18D1515729BA01E200BB9862 /* ListRow.swift in Sources */,
				18D1515A29BA515600BB9862 /* Todos.swift in Sources */,
			);
			runOnlyForDeploymentPostprocessing = 0;
		};
		18D1512F29B9FE0900BB9862 /* Sources */ = {
			isa = PBXSourcesBuildPhase;
			buildActionMask = 2147483647;
			files = (
				18D1513829B9FE0900BB9862 /* TodoTests.swift in Sources */,
			);
			runOnlyForDeploymentPostprocessing = 0;
		};
		18D1513929B9FE0900BB9862 /* Sources */ = {
			isa = PBXSourcesBuildPhase;
			buildActionMask = 2147483647;
			files = (
				18D1514429B9FE0900BB9862 /* TodoUITestsLaunchTests.swift in Sources */,
				18D1514229B9FE0900BB9862 /* TodoUITests.swift in Sources */,
			);
			runOnlyForDeploymentPostprocessing = 0;
		};
/* End PBXSourcesBuildPhase section */

/* Begin PBXTargetDependency section */
		18D1513529B9FE0900BB9862 /* PBXTargetDependency */ = {
			isa = PBXTargetDependency;
			target = 18D1512229B9FE0800BB9862 /* Todo */;
			targetProxy = 18D1513429B9FE0900BB9862 /* PBXContainerItemProxy */;
		};
		18D1513F29B9FE0900BB9862 /* PBXTargetDependency */ = {
			isa = PBXTargetDependency;
			target = 18D1512229B9FE0800BB9862 /* Todo */;
			targetProxy = 18D1513E29B9FE0900BB9862 /* PBXContainerItemProxy */;
		};
/* End PBXTargetDependency section */

/* Begin XCBuildConfiguration section */
		18D1514529B9FE0900BB9862 /* Debug */ = {
			isa = XCBuildConfiguration;
			buildSettings = {
				ALWAYS_SEARCH_USER_PATHS = NO;
				CLANG_ANALYZER_NONNULL = YES;
				CLANG_ANALYZER_NUMBER_OBJECT_CONVERSION = YES_AGGRESSIVE;
				CLANG_CXX_LANGUAGE_STANDARD = "gnu++20";
				CLANG_ENABLE_MODULES = YES;
				CLANG_ENABLE_OBJC_ARC = YES;
				CLANG_ENABLE_OBJC_WEAK = YES;
				CLANG_WARN_BLOCK_CAPTURE_AUTORELEASING = YES;
				CLANG_WARN_BOOL_CONVERSION = YES;
				CLANG_WARN_COMMA = YES;
				CLANG_WARN_CONSTANT_CONVERSION = YES;
				CLANG_WARN_DEPRECATED_OBJC_IMPLEMENTATIONS = YES;
				CLANG_WARN_DIRECT_OBJC_ISA_USAGE = YES_ERROR;
				CLANG_WARN_DOCUMENTATION_COMMENTS = YES;
				CLANG_WARN_EMPTY_BODY = YES;
				CLANG_WARN_ENUM_CONVERSION = YES;
				CLANG_WARN_INFINITE_RECURSION = YES;
				CLANG_WARN_INT_CONVERSION = YES;
				CLANG_WARN_NON_LITERAL_NULL_CONVERSION = YES;
				CLANG_WARN_OBJC_IMPLICIT_RETAIN_SELF = YES;
				CLANG_WARN_OBJC_LITERAL_CONVERSION = YES;
				CLANG_WARN_OBJC_ROOT_CLASS = YES_ERROR;
				CLANG_WARN_QUOTED_INCLUDE_IN_FRAMEWORK_HEADER = YES;
				CLANG_WARN_RANGE_LOOP_ANALYSIS = YES;
				CLANG_WARN_STRICT_PROTOTYPES = YES;
				CLANG_WARN_SUSPICIOUS_MOVE = YES;
				CLANG_WARN_UNGUARDED_AVAILABILITY = YES_AGGRESSIVE;
				CLANG_WARN_UNREACHABLE_CODE = YES;
				CLANG_WARN__DUPLICATE_METHOD_MATCH = YES;
				COPY_PHASE_STRIP = NO;
				DEBUG_INFORMATION_FORMAT = dwarf;
				ENABLE_STRICT_OBJC_MSGSEND = YES;
				ENABLE_TESTABILITY = YES;
				GCC_C_LANGUAGE_STANDARD = gnu11;
				GCC_DYNAMIC_NO_PIC = NO;
				GCC_NO_COMMON_BLOCKS = YES;
				GCC_OPTIMIZATION_LEVEL = 0;
				GCC_PREPROCESSOR_DEFINITIONS = (
					"DEBUG=1",
					"$(inherited)",
				);
				GCC_WARN_64_TO_32_BIT_CONVERSION = YES;
				GCC_WARN_ABOUT_RETURN_TYPE = YES_ERROR;
				GCC_WARN_UNDECLARED_SELECTOR = YES;
				GCC_WARN_UNINITIALIZED_AUTOS = YES_AGGRESSIVE;
				GCC_WARN_UNUSED_FUNCTION = YES;
				GCC_WARN_UNUSED_VARIABLE = YES;
				IPHONEOS_DEPLOYMENT_TARGET = 16.2;
				MTL_ENABLE_DEBUG_INFO = INCLUDE_SOURCE;
				MTL_FAST_MATH = YES;
				ONLY_ACTIVE_ARCH = YES;
				SDKROOT = iphoneos;
				SWIFT_ACTIVE_COMPILATION_CONDITIONS = DEBUG;
				SWIFT_OPTIMIZATION_LEVEL = "-Onone";
			};
			name = Debug;
		};
		18D1514629B9FE0900BB9862 /* Release */ = {
			isa = XCBuildConfiguration;
			buildSettings = {
				ALWAYS_SEARCH_USER_PATHS = NO;
				CLANG_ANALYZER_NONNULL = YES;
				CLANG_ANALYZER_NUMBER_OBJECT_CONVERSION = YES_AGGRESSIVE;
				CLANG_CXX_LANGUAGE_STANDARD = "gnu++20";
				CLANG_ENABLE_MODULES = YES;
				CLANG_ENABLE_OBJC_ARC = YES;
				CLANG_ENABLE_OBJC_WEAK = YES;
				CLANG_WARN_BLOCK_CAPTURE_AUTORELEASING = YES;
				CLANG_WARN_BOOL_CONVERSION = YES;
				CLANG_WARN_COMMA = YES;
				CLANG_WARN_CONSTANT_CONVERSION = YES;
				CLANG_WARN_DEPRECATED_OBJC_IMPLEMENTATIONS = YES;
				CLANG_WARN_DIRECT_OBJC_ISA_USAGE = YES_ERROR;
				CLANG_WARN_DOCUMENTATION_COMMENTS = YES;
				CLANG_WARN_EMPTY_BODY = YES;
				CLANG_WARN_ENUM_CONVERSION = YES;
				CLANG_WARN_INFINITE_RECURSION = YES;
				CLANG_WARN_INT_CONVERSION = YES;
				CLANG_WARN_NON_LITERAL_NULL_CONVERSION = YES;
				CLANG_WARN_OBJC_IMPLICIT_RETAIN_SELF = YES;
				CLANG_WARN_OBJC_LITERAL_CONVERSION = YES;
				CLANG_WARN_OBJC_ROOT_CLASS = YES_ERROR;
				CLANG_WARN_QUOTED_INCLUDE_IN_FRAMEWORK_HEADER = YES;
				CLANG_WARN_RANGE_LOOP_ANALYSIS = YES;
				CLANG_WARN_STRICT_PROTOTYPES = YES;
				CLANG_WARN_SUSPICIOUS_MOVE = YES;
				CLANG_WARN_UNGUARDED_AVAILABILITY = YES_AGGRESSIVE;
				CLANG_WARN_UNREACHABLE_CODE = YES;
				CLANG_WARN__DUPLICATE_METHOD_MATCH = YES;
				COPY_PHASE_STRIP = NO;
				DEBUG_INFORMATION_FORMAT = "dwarf-with-dsym";
				ENABLE_NS_ASSERTIONS = NO;
				ENABLE_STRICT_OBJC_MSGSEND = YES;
				GCC_C_LANGUAGE_STANDARD = gnu11;
				GCC_NO_COMMON_BLOCKS = YES;
				GCC_WARN_64_TO_32_BIT_CONVERSION = YES;
				GCC_WARN_ABOUT_RETURN_TYPE = YES_ERROR;
				GCC_WARN_UNDECLARED_SELECTOR = YES;
				GCC_WARN_UNINITIALIZED_AUTOS = YES_AGGRESSIVE;
				GCC_WARN_UNUSED_FUNCTION = YES;
				GCC_WARN_UNUSED_VARIABLE = YES;
				IPHONEOS_DEPLOYMENT_TARGET = 16.2;
				MTL_ENABLE_DEBUG_INFO = NO;
				MTL_FAST_MATH = YES;
				SDKROOT = iphoneos;
				SWIFT_COMPILATION_MODE = wholemodule;
				SWIFT_OPTIMIZATION_LEVEL = "-O";
				VALIDATE_PRODUCT = YES;
			};
			name = Release;
		};
		18D1514829B9FE0900BB9862 /* Debug */ = {
			isa = XCBuildConfiguration;
			buildSettings = {
				ASSETCATALOG_COMPILER_APPICON_NAME = AppIcon;
				ASSETCATALOG_COMPILER_GLOBAL_ACCENT_COLOR_NAME = AccentColor;
				CODE_SIGN_STYLE = Automatic;
				CURRENT_PROJECT_VERSION = 1;
				DEVELOPMENT_ASSET_PATHS = "\"Todo/Preview Content\"";
				DEVELOPMENT_TEAM = J974Q8F672;
				ENABLE_PREVIEWS = YES;
				GENERATE_INFOPLIST_FILE = YES;
				INFOPLIST_KEY_UIApplicationSceneManifest_Generation = YES;
				INFOPLIST_KEY_UIApplicationSupportsIndirectInputEvents = YES;
				INFOPLIST_KEY_UILaunchScreen_Generation = YES;
				INFOPLIST_KEY_UISupportedInterfaceOrientations_iPad = "UIInterfaceOrientationPortrait UIInterfaceOrientationPortraitUpsideDown UIInterfaceOrientationLandscapeLeft UIInterfaceOrientationLandscapeRight";
				INFOPLIST_KEY_UISupportedInterfaceOrientations_iPhone = "UIInterfaceOrientationPortrait UIInterfaceOrientationLandscapeLeft UIInterfaceOrientationLandscapeRight";
				LD_RUNPATH_SEARCH_PATHS = (
					"$(inherited)",
					"@executable_path/Frameworks",
				);
				MARKETING_VERSION = 1.0;
				PRODUCT_BUNDLE_IDENTIFIER = com.jnne.Todo;
				PRODUCT_NAME = "$(TARGET_NAME)";
				SWIFT_EMIT_LOC_STRINGS = YES;
				SWIFT_VERSION = 5.0;
				TARGETED_DEVICE_FAMILY = "1,2";
			};
			name = Debug;
		};
		18D1514929B9FE0900BB9862 /* Release */ = {
			isa = XCBuildConfiguration;
			buildSettings = {
				ASSETCATALOG_COMPILER_APPICON_NAME = AppIcon;
				ASSETCATALOG_COMPILER_GLOBAL_ACCENT_COLOR_NAME = AccentColor;
				CODE_SIGN_STYLE = Automatic;
				CURRENT_PROJECT_VERSION = 1;
				DEVELOPMENT_ASSET_PATHS = "\"Todo/Preview Content\"";
				DEVELOPMENT_TEAM = J974Q8F672;
				ENABLE_PREVIEWS = YES;
				GENERATE_INFOPLIST_FILE = YES;
				INFOPLIST_KEY_UIApplicationSceneManifest_Generation = YES;
				INFOPLIST_KEY_UIApplicationSupportsIndirectInputEvents = YES;
				INFOPLIST_KEY_UILaunchScreen_Generation = YES;
				INFOPLIST_KEY_UISupportedInterfaceOrientations_iPad = "UIInterfaceOrientationPortrait UIInterfaceOrientationPortraitUpsideDown UIInterfaceOrientationLandscapeLeft UIInterfaceOrientationLandscapeRight";
				INFOPLIST_KEY_UISupportedInterfaceOrientations_iPhone = "UIInterfaceOrientationPortrait UIInterfaceOrientationLandscapeLeft UIInterfaceOrientationLandscapeRight";
				LD_RUNPATH_SEARCH_PATHS = (
					"$(inherited)",
					"@executable_path/Frameworks",
				);
				MARKETING_VERSION = 1.0;
				PRODUCT_BUNDLE_IDENTIFIER = com.jnne.Todo;
				PRODUCT_NAME = "$(TARGET_NAME)";
				SWIFT_EMIT_LOC_STRINGS = YES;
				SWIFT_VERSION = 5.0;
				TARGETED_DEVICE_FAMILY = "1,2";
			};
			name = Release;
		};
		18D1514B29B9FE0900BB9862 /* Debug */ = {
			isa = XCBuildConfiguration;
			buildSettings = {
				ALWAYS_EMBED_SWIFT_STANDARD_LIBRARIES = YES;
				BUNDLE_LOADER = "$(TEST_HOST)";
				CODE_SIGN_STYLE = Automatic;
				CURRENT_PROJECT_VERSION = 1;
				DEVELOPMENT_TEAM = J974Q8F672;
				GENERATE_INFOPLIST_FILE = YES;
				IPHONEOS_DEPLOYMENT_TARGET = 16.2;
				MARKETING_VERSION = 1.0;
				PRODUCT_BUNDLE_IDENTIFIER = com.jnne.TodoTests;
				PRODUCT_NAME = "$(TARGET_NAME)";
				SWIFT_EMIT_LOC_STRINGS = NO;
				SWIFT_VERSION = 5.0;
				TARGETED_DEVICE_FAMILY = "1,2";
				TEST_HOST = "$(BUILT_PRODUCTS_DIR)/Todo.app/$(BUNDLE_EXECUTABLE_FOLDER_PATH)/Todo";
			};
			name = Debug;
		};
		18D1514C29B9FE0900BB9862 /* Release */ = {
			isa = XCBuildConfiguration;
			buildSettings = {
				ALWAYS_EMBED_SWIFT_STANDARD_LIBRARIES = YES;
				BUNDLE_LOADER = "$(TEST_HOST)";
				CODE_SIGN_STYLE = Automatic;
				CURRENT_PROJECT_VERSION = 1;
				DEVELOPMENT_TEAM = J974Q8F672;
				GENERATE_INFOPLIST_FILE = YES;
				IPHONEOS_DEPLOYMENT_TARGET = 16.2;
				MARKETING_VERSION = 1.0;
				PRODUCT_BUNDLE_IDENTIFIER = com.jnne.TodoTests;
				PRODUCT_NAME = "$(TARGET_NAME)";
				SWIFT_EMIT_LOC_STRINGS = NO;
				SWIFT_VERSION = 5.0;
				TARGETED_DEVICE_FAMILY = "1,2";
				TEST_HOST = "$(BUILT_PRODUCTS_DIR)/Todo.app/$(BUNDLE_EXECUTABLE_FOLDER_PATH)/Todo";
			};
			name = Release;
		};
		18D1514E29B9FE0900BB9862 /* Debug */ = {
			isa = XCBuildConfiguration;
			buildSettings = {
				ALWAYS_EMBED_SWIFT_STANDARD_LIBRARIES = YES;
				CODE_SIGN_STYLE = Automatic;
				CURRENT_PROJECT_VERSION = 1;
				DEVELOPMENT_TEAM = J974Q8F672;
				GENERATE_INFOPLIST_FILE = YES;
				MARKETING_VERSION = 1.0;
				PRODUCT_BUNDLE_IDENTIFIER = com.jnne.TodoUITests;
				PRODUCT_NAME = "$(TARGET_NAME)";
				SWIFT_EMIT_LOC_STRINGS = NO;
				SWIFT_VERSION = 5.0;
				TARGETED_DEVICE_FAMILY = "1,2";
				TEST_TARGET_NAME = Todo;
			};
			name = Debug;
		};
		18D1514F29B9FE0900BB9862 /* Release */ = {
			isa = XCBuildConfiguration;
			buildSettings = {
				ALWAYS_EMBED_SWIFT_STANDARD_LIBRARIES = YES;
				CODE_SIGN_STYLE = Automatic;
				CURRENT_PROJECT_VERSION = 1;
				DEVELOPMENT_TEAM = J974Q8F672;
				GENERATE_INFOPLIST_FILE = YES;
				MARKETING_VERSION = 1.0;
				PRODUCT_BUNDLE_IDENTIFIER = com.jnne.TodoUITests;
				PRODUCT_NAME = "$(TARGET_NAME)";
				SWIFT_EMIT_LOC_STRINGS = NO;
				SWIFT_VERSION = 5.0;
				TARGETED_DEVICE_FAMILY = "1,2";
				TEST_TARGET_NAME = Todo;
			};
			name = Release;
		};
/* End XCBuildConfiguration section */

/* Begin XCConfigurationList section */
		18D1511E29B9FE0800BB9862 /* Build configuration list for PBXProject "Todo" */ = {
			isa = XCConfigurationList;
			buildConfigurations = (
				18D1514529B9FE0900BB9862 /* Debug */,
				18D1514629B9FE0900BB9862 /* Release */,
			);
			defaultConfigurationIsVisible = 0;
			defaultConfigurationName = Release;
		};
		18D1514729B9FE0900BB9862 /* Build configuration list for PBXNativeTarget "Todo" */ = {
			isa = XCConfigurationList;
			buildConfigurations = (
				18D1514829B9FE0900BB9862 /* Debug */,
				18D1514929B9FE0900BB9862 /* Release */,
			);
			defaultConfigurationIsVisible = 0;
			defaultConfigurationName = Release;
		};
		18D1514A29B9FE0900BB9862 /* Build configuration list for PBXNativeTarget "TodoTests" */ = {
			isa = XCConfigurationList;
			buildConfigurations = (
				18D1514B29B9FE0900BB9862 /* Debug */,
				18D1514C29B9FE0900BB9862 /* Release */,
			);
			defaultConfigurationIsVisible = 0;
			defaultConfigurationName = Release;
		};
		18D1514D29B9FE0900BB9862 /* Build configuration list for PBXNativeTarget "TodoUITests" */ = {
			isa = XCConfigurationList;
			buildConfigurations = (
				18D1514E29B9FE0900BB9862 /* Debug */,
				18D1514F29B9FE0900BB9862 /* Release */,
			);
			defaultConfigurationIsVisible = 0;
			defaultConfigurationName = Release;
		};
/* End XCConfigurationList section */
	};
	rootObject = 18D1511B29B9FE0800BB9862 /* Project object */;
}
